
Microsoft Visual Studio Solution File, Format Version 12.00
# Visual Studio Version 16
VisualStudioVersion = 16.0.31105.61
MinimumVisualStudioVersion = 10.0.40219.1
Project("{9A19103F-16F7-4668-BE54-9A1E7A4F7556}") = "Task1", "Task1\Task1.csproj", "{7A5A27EC-08C4-4F1D-8AE3-7BBBEE2B51EB}"
EndProject
Project("{9A19103F-16F7-4668-BE54-9A1E7A4F7556}") = "Task2", "Task2\Task2.csproj", "{F9F49F4B-F350-4D60-8CED-5B8E841D5432}"
EndProject
Global
	GlobalSection(SolutionConfigurationPlatforms) = preSolution
		Debug|Any CPU = Debug|Any CPU
		Release|Any CPU = Release|Any CPU
	EndGlobalSection
	GlobalSection(ProjectConfigurationPlatforms) = postSolution
		{7A5A27EC-08C4-4F1D-8AE3-7BBBEE2B51EB}.Debug|Any CPU.ActiveCfg = Debug|Any CPU
		{7A5A27EC-08C4-4F1D-8AE3-7BBBEE2B51EB}.Debug|Any CPU.Build.0 = Debug|Any CPU
		{7A5A27EC-08C4-4F1D-8AE3-7BBBEE2B51EB}.Release|Any CPU.ActiveCfg = Release|Any CPU
		{7A5A27EC-08C4-4F1D-8AE3-7BBBEE2B51EB}.Release|Any CPU.Build.0 = Release|Any CPU
		{F9F49F4B-F350-4D60-8CED-5B8E841D5432}.Debug|Any CPU.ActiveCfg = Debug|Any CPU
		{F9F49F4B-F350-4D60-8CED-5B8E841D5432}.Debug|Any CPU.Build.0 = Debug|Any CPU
		{F9F49F4B-F350-4D60-8CED-5B8E841D5432}.Release|Any CPU.ActiveCfg = Release|Any CPU
		{F9F49F4B-F350-4D60-8CED-5B8E841D5432}.Release|Any CPU.Build.0 = Release|Any CPU
	EndGlobalSection
	GlobalSection(SolutionProperties) = preSolution
		HideSolutionNode = FALSE
	EndGlobalSection
	GlobalSection(ExtensibilityGlobals) = postSolution
		SolutionGuid = {74A95315-C372-40C7-87AE-EC4AF64AC6BB}
	EndGlobalSection
EndGlobal
