
Microsoft Visual Studio Solution File, Format Version 12.00
# Visual Studio Version 16
VisualStudioVersion = 16.0.31105.61
MinimumVisualStudioVersion = 10.0.40219.1
Project("{FAE04EC0-301F-11D3-BF4B-00C04F79EFBC}") = "Task1", "Task1\Task1.csproj", "{88B7D313-06CB-4A43-BBC2-3B75A18CC845}"
EndProject
Project("{FAE04EC0-301F-11D3-BF4B-00C04F79EFBC}") = "Task2", "Task2\Task2.csproj", "{8D3D021C-84F7-405A-B467-6A9B2B463B94}"
EndProject
Project("{FAE04EC0-301F-11D3-BF4B-00C04F79EFBC}") = "Task3", "Task3\Task3.csproj", "{4F729D60-1C27-4388-921F-E7A7D30C1EB6}"
EndProject
Global
	GlobalSection(SolutionConfigurationPlatforms) = preSolution
		Debug|Any CPU = Debug|Any CPU
		Release|Any CPU = Release|Any CPU
	EndGlobalSection
	GlobalSection(ProjectConfigurationPlatforms) = postSolution
		{88B7D313-06CB-4A43-BBC2-3B75A18CC845}.Debug|Any CPU.ActiveCfg = Debug|Any CPU
		{88B7D313-06CB-4A43-BBC2-3B75A18CC845}.Debug|Any CPU.Build.0 = Debug|Any CPU
		{88B7D313-06CB-4A43-BBC2-3B75A18CC845}.Release|Any CPU.ActiveCfg = Release|Any CPU
		{88B7D313-06CB-4A43-BBC2-3B75A18CC845}.Release|Any CPU.Build.0 = Release|Any CPU
		{8D3D021C-84F7-405A-B467-6A9B2B463B94}.Debug|Any CPU.ActiveCfg = Debug|Any CPU
		{8D3D021C-84F7-405A-B467-6A9B2B463B94}.Debug|Any CPU.Build.0 = Debug|Any CPU
		{8D3D021C-84F7-405A-B467-6A9B2B463B94}.Release|Any CPU.ActiveCfg = Release|Any CPU
		{8D3D021C-84F7-405A-B467-6A9B2B463B94}.Release|Any CPU.Build.0 = Release|Any CPU
		{4F729D60-1C27-4388-921F-E7A7D30C1EB6}.Debug|Any CPU.ActiveCfg = Debug|Any CPU
		{4F729D60-1C27-4388-921F-E7A7D30C1EB6}.Debug|Any CPU.Build.0 = Debug|Any CPU
		{4F729D60-1C27-4388-921F-E7A7D30C1EB6}.Release|Any CPU.ActiveCfg = Release|Any CPU
		{4F729D60-1C27-4388-921F-E7A7D30C1EB6}.Release|Any CPU.Build.0 = Release|Any CPU
	EndGlobalSection
	GlobalSection(SolutionProperties) = preSolution
		HideSolutionNode = FALSE
	EndGlobalSection
	GlobalSection(ExtensibilityGlobals) = postSolution
		SolutionGuid = {1A408036-912E-440C-AE32-5462D0EA77EB}
	EndGlobalSection
EndGlobal
