
Microsoft Visual Studio Solution File, Format Version 12.00
# Visual Studio Version 16
VisualStudioVersion = 16.0.31105.61
MinimumVisualStudioVersion = 10.0.40219.1
Project("{FAE04EC0-301F-11D3-BF4B-00C04F79EFBC}") = "Task1", "Task1\Task1.csproj", "{6C7E0E5D-1511-4CDD-97EE-D4B75EA96EE0}"
EndProject
Project("{FAE04EC0-301F-11D3-BF4B-00C04F79EFBC}") = "Task2", "Task2\Task2.csproj", "{9DAF1101-BC14-415B-85EA-B36BC90B8789}"
EndProject
Project("{FAE04EC0-301F-11D3-BF4B-00C04F79EFBC}") = "Task3", "Task3\Task3.csproj", "{273A2A72-A766-4F62-8B79-9C3770DB964F}"
EndProject
Global
	GlobalSection(SolutionConfigurationPlatforms) = preSolution
		Debug|Any CPU = Debug|Any CPU
		Release|Any CPU = Release|Any CPU
	EndGlobalSection
	GlobalSection(ProjectConfigurationPlatforms) = postSolution
		{6C7E0E5D-1511-4CDD-97EE-D4B75EA96EE0}.Debug|Any CPU.ActiveCfg = Debug|Any CPU
		{6C7E0E5D-1511-4CDD-97EE-D4B75EA96EE0}.Debug|Any CPU.Build.0 = Debug|Any CPU
		{6C7E0E5D-1511-4CDD-97EE-D4B75EA96EE0}.Release|Any CPU.ActiveCfg = Release|Any CPU
		{6C7E0E5D-1511-4CDD-97EE-D4B75EA96EE0}.Release|Any CPU.Build.0 = Release|Any CPU
		{9DAF1101-BC14-415B-85EA-B36BC90B8789}.Debug|Any CPU.ActiveCfg = Debug|Any CPU
		{9DAF1101-BC14-415B-85EA-B36BC90B8789}.Debug|Any CPU.Build.0 = Debug|Any CPU
		{9DAF1101-BC14-415B-85EA-B36BC90B8789}.Release|Any CPU.ActiveCfg = Release|Any CPU
		{9DAF1101-BC14-415B-85EA-B36BC90B8789}.Release|Any CPU.Build.0 = Release|Any CPU
		{273A2A72-A766-4F62-8B79-9C3770DB964F}.Debug|Any CPU.ActiveCfg = Debug|Any CPU
		{273A2A72-A766-4F62-8B79-9C3770DB964F}.Debug|Any CPU.Build.0 = Debug|Any CPU
		{273A2A72-A766-4F62-8B79-9C3770DB964F}.Release|Any CPU.ActiveCfg = Release|Any CPU
		{273A2A72-A766-4F62-8B79-9C3770DB964F}.Release|Any CPU.Build.0 = Release|Any CPU
	EndGlobalSection
	GlobalSection(SolutionProperties) = preSolution
		HideSolutionNode = FALSE
	EndGlobalSection
	GlobalSection(ExtensibilityGlobals) = postSolution
		SolutionGuid = {BFF09A1F-83CC-4ECC-BB32-07385CBC74B0}
	EndGlobalSection
EndGlobal
