
Microsoft Visual Studio Solution File, Format Version 12.00
# Visual Studio Version 16
VisualStudioVersion = 16.0.30804.86
MinimumVisualStudioVersion = 10.0.40219.1
Project("{9A19103F-16F7-4668-BE54-9A1E7A4F7556}") = "Task1", "Task1\Task1.csproj", "{A4CDD751-DC3C-441E-8E43-B87C5DA97159}"
EndProject
Project("{9A19103F-16F7-4668-BE54-9A1E7A4F7556}") = "Task2", "Task2\Task2.csproj", "{54251EC6-2355-4FE1-9FFB-B858EECD65F6}"
EndProject
Project("{9A19103F-16F7-4668-BE54-9A1E7A4F7556}") = "Task3", "Task3\Task3.csproj", "{5C83AE9D-5624-406E-9D32-D75B4FDD1025}"
EndProject
Project("{FAE04EC0-301F-11D3-BF4B-00C04F79EFBC}") = "Task4", "Task4\Task4.csproj", "{0F8CF150-F882-4B5A-9ED3-E24FE0E38280}"
EndProject
Global
	GlobalSection(SolutionConfigurationPlatforms) = preSolution
		Debug|Any CPU = Debug|Any CPU
		Release|Any CPU = Release|Any CPU
	EndGlobalSection
	GlobalSection(ProjectConfigurationPlatforms) = postSolution
		{A4CDD751-DC3C-441E-8E43-B87C5DA97159}.Debug|Any CPU.ActiveCfg = Debug|Any CPU
		{A4CDD751-DC3C-441E-8E43-B87C5DA97159}.Debug|Any CPU.Build.0 = Debug|Any CPU
		{A4CDD751-DC3C-441E-8E43-B87C5DA97159}.Release|Any CPU.ActiveCfg = Release|Any CPU
		{A4CDD751-DC3C-441E-8E43-B87C5DA97159}.Release|Any CPU.Build.0 = Release|Any CPU
		{54251EC6-2355-4FE1-9FFB-B858EECD65F6}.Debug|Any CPU.ActiveCfg = Debug|Any CPU
		{54251EC6-2355-4FE1-9FFB-B858EECD65F6}.Debug|Any CPU.Build.0 = Debug|Any CPU
		{54251EC6-2355-4FE1-9FFB-B858EECD65F6}.Release|Any CPU.ActiveCfg = Release|Any CPU
		{54251EC6-2355-4FE1-9FFB-B858EECD65F6}.Release|Any CPU.Build.0 = Release|Any CPU
		{5C83AE9D-5624-406E-9D32-D75B4FDD1025}.Debug|Any CPU.ActiveCfg = Debug|Any CPU
		{5C83AE9D-5624-406E-9D32-D75B4FDD1025}.Debug|Any CPU.Build.0 = Debug|Any CPU
		{5C83AE9D-5624-406E-9D32-D75B4FDD1025}.Release|Any CPU.ActiveCfg = Release|Any CPU
		{5C83AE9D-5624-406E-9D32-D75B4FDD1025}.Release|Any CPU.Build.0 = Release|Any CPU
		{0F8CF150-F882-4B5A-9ED3-E24FE0E38280}.Debug|Any CPU.ActiveCfg = Debug|Any CPU
		{0F8CF150-F882-4B5A-9ED3-E24FE0E38280}.Debug|Any CPU.Build.0 = Debug|Any CPU
		{0F8CF150-F882-4B5A-9ED3-E24FE0E38280}.Release|Any CPU.ActiveCfg = Release|Any CPU
		{0F8CF150-F882-4B5A-9ED3-E24FE0E38280}.Release|Any CPU.Build.0 = Release|Any CPU
	EndGlobalSection
	GlobalSection(SolutionProperties) = preSolution
		HideSolutionNode = FALSE
	EndGlobalSection
	GlobalSection(ExtensibilityGlobals) = postSolution
		SolutionGuid = {7FCA19EA-2470-4C9C-82A8-27BD57BFBDD4}
	EndGlobalSection
EndGlobal
